
Microsoft Visual Studio Solution File, Format Version 12.00
# Visual Studio Version 16
VisualStudioVersion = 16.0.30104.148
MinimumVisualStudioVersion = 10.0.40219.1
Project("{FAE04EC0-301F-11D3-BF4B-00C04F79EFBC}") = "EatRegeratorAPI", "EatRegeratorAPI\EatRegeratorAPI.csproj", "{1C5A486D-FF7E-4C34-ACF0-29201F433D74}"
EndProject
Global
	GlobalSection(SolutionConfigurationPlatforms) = preSolution
		Debug|Any CPU = Debug|Any CPU
		Release|Any CPU = Release|Any CPU
	EndGlobalSection
	GlobalSection(ProjectConfigurationPlatforms) = postSolution
		{1C5A486D-FF7E-4C34-ACF0-29201F433D74}.Debug|Any CPU.ActiveCfg = Debug|Any CPU
		{1C5A486D-FF7E-4C34-ACF0-29201F433D74}.Debug|Any CPU.Build.0 = Debug|Any CPU
		{1C5A486D-FF7E-4C34-ACF0-29201F433D74}.Release|Any CPU.ActiveCfg = Release|Any CPU
		{1C5A486D-FF7E-4C34-ACF0-29201F433D74}.Release|Any CPU.Build.0 = Release|Any CPU
	EndGlobalSection
	GlobalSection(SolutionProperties) = preSolution
		HideSolutionNode = FALSE
	EndGlobalSection
	GlobalSection(ExtensibilityGlobals) = postSolution
		SolutionGuid = {90FB364A-E2E4-4482-AFC4-8B18FFE7FCA4}
	EndGlobalSection
EndGlobal
